
Microsoft Visual Studio Solution File, Format Version 12.00
# Visual Studio Version 17
VisualStudioVersion = 17.3.32825.248
MinimumVisualStudioVersion = 10.0.40219.1
Project("{FAE04EC0-301F-11D3-BF4B-00C04F79EFBC}") = "Entities", "Entities\Entities.csproj", "{1A38E451-8432-4DC6-AEE0-11092313392A}"
EndProject
Project("{FAE04EC0-301F-11D3-BF4B-00C04F79EFBC}") = "DataAccess", "DataAccess\DataAccess.csproj", "{2D216234-149A-4BE7-B670-A06ED1751CB2}"
EndProject
Project("{FAE04EC0-301F-11D3-BF4B-00C04F79EFBC}") = "Business", "Business\Business.csproj", "{17AB78C8-9753-4E56-B165-AADC7F7354AE}"
	ProjectSection(ProjectDependencies) = postProject
		{821C7136-5874-48A3-93AF-6FDDEC2443A5} = {821C7136-5874-48A3-93AF-6FDDEC2443A5}
		{CD61AEE3-3874-463B-AF7A-EBBEDE6D4F68} = {CD61AEE3-3874-463B-AF7A-EBBEDE6D4F68}
	EndProjectSection
EndProject
Project("{FAE04EC0-301F-11D3-BF4B-00C04F79EFBC}") = "WinFormsUI", "WinFormsUI\WinFormsUI.csproj", "{46513DB0-4CC9-4B75-BCD7-10116B91EC92}"
EndProject
Project("{FAE04EC0-301F-11D3-BF4B-00C04F79EFBC}") = "Core", "Core\Core.csproj", "{4D876C0A-931B-4D9A-A153-6F1664B309CE}"
EndProject
Project("{FAE04EC0-301F-11D3-BF4B-00C04F79EFBC}") = "PaymentService", "PaymentService\PaymentService.csproj", "{821C7136-5874-48A3-93AF-6FDDEC2443A5}"
EndProject
Project("{FAE04EC0-301F-11D3-BF4B-00C04F79EFBC}") = "AuthService", "AuthService\AuthService.csproj", "{CD61AEE3-3874-463B-AF7A-EBBEDE6D4F68}"
EndProject
Project("{54435603-DBB4-11D2-8724-00A0C9A8B90C}") = "SetupProject", "SetupProject\SetupProject.vdproj", "{883D6DE4-DBB5-45F9-AA1A-6A46FB9B6A89}"
EndProject
Project("{FAE04EC0-301F-11D3-BF4B-00C04F79EFBC}") = "Bosch.UnitTests", "Bosch.UnitTests\Bosch.UnitTests.csproj", "{F04C1F07-9287-45DD-A802-E70749A6DCEA}"
EndProject
Project("{FAE04EC0-301F-11D3-BF4B-00C04F79EFBC}") = "Bosch.MVC", "Bosch.MVC\Bosch.MVC.csproj", "{56B11C15-DA9B-4FB2-91BF-DDC7665F3BF0}"
EndProject
Project("{FAE04EC0-301F-11D3-BF4B-00C04F79EFBC}") = "Bosch.WebAPI", "Bosch.WebAPI\Bosch.WebAPI.csproj", "{7783A831-0A47-465D-A39F-212888E79123}"
EndProject
Global
	GlobalSection(SolutionConfigurationPlatforms) = preSolution
		Debug|Any CPU = Debug|Any CPU
		Release|Any CPU = Release|Any CPU
	EndGlobalSection
	GlobalSection(ProjectConfigurationPlatforms) = postSolution
		{1A38E451-8432-4DC6-AEE0-11092313392A}.Debug|Any CPU.ActiveCfg = Debug|Any CPU
		{1A38E451-8432-4DC6-AEE0-11092313392A}.Debug|Any CPU.Build.0 = Debug|Any CPU
		{1A38E451-8432-4DC6-AEE0-11092313392A}.Release|Any CPU.ActiveCfg = Release|Any CPU
		{1A38E451-8432-4DC6-AEE0-11092313392A}.Release|Any CPU.Build.0 = Release|Any CPU
		{2D216234-149A-4BE7-B670-A06ED1751CB2}.Debug|Any CPU.ActiveCfg = Debug|Any CPU
		{2D216234-149A-4BE7-B670-A06ED1751CB2}.Debug|Any CPU.Build.0 = Debug|Any CPU
		{2D216234-149A-4BE7-B670-A06ED1751CB2}.Release|Any CPU.ActiveCfg = Release|Any CPU
		{2D216234-149A-4BE7-B670-A06ED1751CB2}.Release|Any CPU.Build.0 = Release|Any CPU
		{17AB78C8-9753-4E56-B165-AADC7F7354AE}.Debug|Any CPU.ActiveCfg = Debug|Any CPU
		{17AB78C8-9753-4E56-B165-AADC7F7354AE}.Debug|Any CPU.Build.0 = Debug|Any CPU
		{17AB78C8-9753-4E56-B165-AADC7F7354AE}.Release|Any CPU.ActiveCfg = Release|Any CPU
		{17AB78C8-9753-4E56-B165-AADC7F7354AE}.Release|Any CPU.Build.0 = Release|Any CPU
		{46513DB0-4CC9-4B75-BCD7-10116B91EC92}.Debug|Any CPU.ActiveCfg = Debug|Any CPU
		{46513DB0-4CC9-4B75-BCD7-10116B91EC92}.Debug|Any CPU.Build.0 = Debug|Any CPU
		{46513DB0-4CC9-4B75-BCD7-10116B91EC92}.Release|Any CPU.ActiveCfg = Release|Any CPU
		{46513DB0-4CC9-4B75-BCD7-10116B91EC92}.Release|Any CPU.Build.0 = Release|Any CPU
		{4D876C0A-931B-4D9A-A153-6F1664B309CE}.Debug|Any CPU.ActiveCfg = Debug|Any CPU
		{4D876C0A-931B-4D9A-A153-6F1664B309CE}.Debug|Any CPU.Build.0 = Debug|Any CPU
		{4D876C0A-931B-4D9A-A153-6F1664B309CE}.Release|Any CPU.ActiveCfg = Release|Any CPU
		{4D876C0A-931B-4D9A-A153-6F1664B309CE}.Release|Any CPU.Build.0 = Release|Any CPU
		{821C7136-5874-48A3-93AF-6FDDEC2443A5}.Debug|Any CPU.ActiveCfg = Debug|Any CPU
		{821C7136-5874-48A3-93AF-6FDDEC2443A5}.Debug|Any CPU.Build.0 = Debug|Any CPU
		{821C7136-5874-48A3-93AF-6FDDEC2443A5}.Release|Any CPU.ActiveCfg = Release|Any CPU
		{821C7136-5874-48A3-93AF-6FDDEC2443A5}.Release|Any CPU.Build.0 = Release|Any CPU
		{CD61AEE3-3874-463B-AF7A-EBBEDE6D4F68}.Debug|Any CPU.ActiveCfg = Debug|Any CPU
		{CD61AEE3-3874-463B-AF7A-EBBEDE6D4F68}.Debug|Any CPU.Build.0 = Debug|Any CPU
		{CD61AEE3-3874-463B-AF7A-EBBEDE6D4F68}.Release|Any CPU.ActiveCfg = Release|Any CPU
		{CD61AEE3-3874-463B-AF7A-EBBEDE6D4F68}.Release|Any CPU.Build.0 = Release|Any CPU
		{883D6DE4-DBB5-45F9-AA1A-6A46FB9B6A89}.Debug|Any CPU.ActiveCfg = Debug
		{883D6DE4-DBB5-45F9-AA1A-6A46FB9B6A89}.Release|Any CPU.ActiveCfg = Release
		{F04C1F07-9287-45DD-A802-E70749A6DCEA}.Debug|Any CPU.ActiveCfg = Debug|Any CPU
		{F04C1F07-9287-45DD-A802-E70749A6DCEA}.Debug|Any CPU.Build.0 = Debug|Any CPU
		{F04C1F07-9287-45DD-A802-E70749A6DCEA}.Release|Any CPU.ActiveCfg = Release|Any CPU
		{F04C1F07-9287-45DD-A802-E70749A6DCEA}.Release|Any CPU.Build.0 = Release|Any CPU
		{56B11C15-DA9B-4FB2-91BF-DDC7665F3BF0}.Debug|Any CPU.ActiveCfg = Debug|Any CPU
		{56B11C15-DA9B-4FB2-91BF-DDC7665F3BF0}.Debug|Any CPU.Build.0 = Debug|Any CPU
		{56B11C15-DA9B-4FB2-91BF-DDC7665F3BF0}.Release|Any CPU.ActiveCfg = Release|Any CPU
		{56B11C15-DA9B-4FB2-91BF-DDC7665F3BF0}.Release|Any CPU.Build.0 = Release|Any CPU
		{7783A831-0A47-465D-A39F-212888E79123}.Debug|Any CPU.ActiveCfg = Debug|Any CPU
		{7783A831-0A47-465D-A39F-212888E79123}.Debug|Any CPU.Build.0 = Debug|Any CPU
		{7783A831-0A47-465D-A39F-212888E79123}.Release|Any CPU.ActiveCfg = Release|Any CPU
		{7783A831-0A47-465D-A39F-212888E79123}.Release|Any CPU.Build.0 = Release|Any CPU
	EndGlobalSection
	GlobalSection(SolutionProperties) = preSolution
		HideSolutionNode = FALSE
	EndGlobalSection
	GlobalSection(ExtensibilityGlobals) = postSolution
		SolutionGuid = {99003EB9-8EF6-4C9D-A69F-9B1837C9B3C9}
	EndGlobalSection
EndGlobal
